// !$*UTF8*$!
{
	archiveVersion = 1;
	classes = {
	};
	objectVersion = 52;
	objects = {

/* Begin PBXBuildFile section */
		702D0DCC24E3919600C86782 /* Errors.swift in Sources */ = {isa = PBXBuildFile; fileRef = 702D0DCB24E3919600C86782 /* Errors.swift */; };
		708BF85024CFB0E30004A404 /* AppDelegate.swift in Sources */ = {isa = PBXBuildFile; fileRef = 708BF84F24CFB0E30004A404 /* AppDelegate.swift */; };
		708BF85224CFB0E30004A404 /* SceneDelegate.swift in Sources */ = {isa = PBXBuildFile; fileRef = 708BF85124CFB0E30004A404 /* SceneDelegate.swift */; };
		708BF85424CFB0E30004A404 /* EditorViewController.swift in Sources */ = {isa = PBXBuildFile; fileRef = 708BF85324CFB0E30004A404 /* EditorViewController.swift */; };
		708BF85724CFB0E30004A404 /* Main.storyboard in Resources */ = {isa = PBXBuildFile; fileRef = 708BF85524CFB0E30004A404 /* Main.storyboard */; };
		708BF85924CFB0E40004A404 /* Assets.xcassets in Resources */ = {isa = PBXBuildFile; fileRef = 708BF85824CFB0E40004A404 /* Assets.xcassets */; };
		708BF85C24CFB0E40004A404 /* LaunchScreen.storyboard in Resources */ = {isa = PBXBuildFile; fileRef = 708BF85A24CFB0E40004A404 /* LaunchScreen.storyboard */; };
		708BF86424CFDA3C0004A404 /* TextViewWithPlaceholder.swift in Sources */ = {isa = PBXBuildFile; fileRef = 708BF86324CFDA3C0004A404 /* TextViewWithPlaceholder.swift */; };
		7096B74324D1050900B2C132 /* Processors in Resources */ = {isa = PBXBuildFile; fileRef = 7096B74224D1050900B2C132 /* Processors */; };
		7096B74924D107D100B2C132 /* SettingsViewController.swift in Sources */ = {isa = PBXBuildFile; fileRef = 7096B74824D107D100B2C132 /* SettingsViewController.swift */; };
		7096B74F24D109CA00B2C132 /* ProcessorModel.swift in Sources */ = {isa = PBXBuildFile; fileRef = 7096B74E24D109CA00B2C132 /* ProcessorModel.swift */; };
		709899F624DBF642005F2C44 /* PreferencesManager.swift in Sources */ = {isa = PBXBuildFile; fileRef = 709899F524DBF642005F2C44 /* PreferencesManager.swift */; };
		709899F824DE5A3D005F2C44 /* SettingsModel.swift in Sources */ = {isa = PBXBuildFile; fileRef = 709899F724DE5A3D005F2C44 /* SettingsModel.swift */; };
		709899FA24DF8AAB005F2C44 /* ManagerViewController.swift in Sources */ = {isa = PBXBuildFile; fileRef = 709899F924DF8AAB005F2C44 /* ManagerViewController.swift */; };
		70B2311324D52AB6004760B1 /* Localizable.strings in Resources */ = {isa = PBXBuildFile; fileRef = 70B2311524D52AB6004760B1 /* Localizable.strings */; };
		70B2311924D53C33004760B1 /* PageViewController.swift in Sources */ = {isa = PBXBuildFile; fileRef = 70B2311824D53C33004760B1 /* PageViewController.swift */; };
		70B2311F24D65A60004760B1 /* Down in Frameworks */ = {isa = PBXBuildFile; productRef = 70B2311E24D65A60004760B1 /* Down */; };
		70B2312524D660AF004760B1 /* DownHelper.swift in Sources */ = {isa = PBXBuildFile; fileRef = 70B2312424D660AF004760B1 /* DownHelper.swift */; };
		70B2312824D68113004760B1 /* SettingsData.swift in Sources */ = {isa = PBXBuildFile; fileRef = 70B2312724D68113004760B1 /* SettingsData.swift */; };
		70D9C71824D8F66F002A74AD /* LineReader.swift in Sources */ = {isa = PBXBuildFile; fileRef = 70D9C71724D8F66F002A74AD /* LineReader.swift */; };
		70D9C71A24D967EA002A74AD /* ProcessorOptionsViewController.swift in Sources */ = {isa = PBXBuildFile; fileRef = 70D9C71924D967EA002A74AD /* ProcessorOptionsViewController.swift */; };
/* End PBXBuildFile section */

/* Begin PBXFileReference section */
		702D0DCB24E3919600C86782 /* Errors.swift */ = {isa = PBXFileReference; lastKnownFileType = sourcecode.swift; path = Errors.swift; sourceTree = "<group>"; };
		708BF84C24CFB0E30004A404 /* Telekinesis.app */ = {isa = PBXFileReference; explicitFileType = wrapper.application; includeInIndex = 0; path = Telekinesis.app; sourceTree = BUILT_PRODUCTS_DIR; };
		708BF84F24CFB0E30004A404 /* AppDelegate.swift */ = {isa = PBXFileReference; lastKnownFileType = sourcecode.swift; path = AppDelegate.swift; sourceTree = "<group>"; };
		708BF85124CFB0E30004A404 /* SceneDelegate.swift */ = {isa = PBXFileReference; lastKnownFileType = sourcecode.swift; path = SceneDelegate.swift; sourceTree = "<group>"; };
		708BF85324CFB0E30004A404 /* EditorViewController.swift */ = {isa = PBXFileReference; lastKnownFileType = sourcecode.swift; path = EditorViewController.swift; sourceTree = "<group>"; };
		708BF85624CFB0E30004A404 /* Base */ = {isa = PBXFileReference; lastKnownFileType = file.storyboard; name = Base; path = Base.lproj/Main.storyboard; sourceTree = "<group>"; };
		708BF85824CFB0E40004A404 /* Assets.xcassets */ = {isa = PBXFileReference; lastKnownFileType = folder.assetcatalog; path = Assets.xcassets; sourceTree = "<group>"; };
		708BF85B24CFB0E40004A404 /* Base */ = {isa = PBXFileReference; lastKnownFileType = file.storyboard; name = Base; path = Base.lproj/LaunchScreen.storyboard; sourceTree = "<group>"; };
		708BF85D24CFB0E40004A404 /* Info.plist */ = {isa = PBXFileReference; lastKnownFileType = text.plist.xml; path = Info.plist; sourceTree = "<group>"; };
		708BF86324CFDA3C0004A404 /* TextViewWithPlaceholder.swift */ = {isa = PBXFileReference; lastKnownFileType = sourcecode.swift; path = TextViewWithPlaceholder.swift; sourceTree = "<group>"; };
		7096B74224D1050900B2C132 /* Processors */ = {isa = PBXFileReference; lastKnownFileType = folder; path = Processors; sourceTree = "<group>"; };
		7096B74824D107D100B2C132 /* SettingsViewController.swift */ = {isa = PBXFileReference; lastKnownFileType = sourcecode.swift; path = SettingsViewController.swift; sourceTree = "<group>"; };
		7096B74E24D109CA00B2C132 /* ProcessorModel.swift */ = {isa = PBXFileReference; lastKnownFileType = sourcecode.swift; path = ProcessorModel.swift; sourceTree = "<group>"; };
		709899F524DBF642005F2C44 /* PreferencesManager.swift */ = {isa = PBXFileReference; lastKnownFileType = sourcecode.swift; path = PreferencesManager.swift; sourceTree = "<group>"; };
		709899F724DE5A3D005F2C44 /* SettingsModel.swift */ = {isa = PBXFileReference; lastKnownFileType = sourcecode.swift; path = SettingsModel.swift; sourceTree = "<group>"; };
		709899F924DF8AAB005F2C44 /* ManagerViewController.swift */ = {isa = PBXFileReference; lastKnownFileType = sourcecode.swift; path = ManagerViewController.swift; sourceTree = "<group>"; };
		70B2311424D52AB6004760B1 /* en */ = {isa = PBXFileReference; lastKnownFileType = text.plist.strings; name = en; path = en.lproj/Localizable.strings; sourceTree = "<group>"; };
		70B2311824D53C33004760B1 /* PageViewController.swift */ = {isa = PBXFileReference; lastKnownFileType = sourcecode.swift; path = PageViewController.swift; sourceTree = "<group>"; };
		70B2312424D660AF004760B1 /* DownHelper.swift */ = {isa = PBXFileReference; lastKnownFileType = sourcecode.swift; path = DownHelper.swift; sourceTree = "<group>"; };
		70B2312724D68113004760B1 /* SettingsData.swift */ = {isa = PBXFileReference; lastKnownFileType = sourcecode.swift; path = SettingsData.swift; sourceTree = "<group>"; };
		70D9C71724D8F66F002A74AD /* LineReader.swift */ = {isa = PBXFileReference; lastKnownFileType = sourcecode.swift; path = LineReader.swift; sourceTree = "<group>"; };
		70D9C71924D967EA002A74AD /* ProcessorOptionsViewController.swift */ = {isa = PBXFileReference; lastKnownFileType = sourcecode.swift; path = ProcessorOptionsViewController.swift; sourceTree = "<group>"; };
/* End PBXFileReference section */

/* Begin PBXFrameworksBuildPhase section */
		708BF84924CFB0E30004A404 /* Frameworks */ = {
			isa = PBXFrameworksBuildPhase;
			buildActionMask = 2147483647;
			files = (
				70B2311F24D65A60004760B1 /* Down in Frameworks */,
			);
			runOnlyForDeploymentPostprocessing = 0;
		};
/* End PBXFrameworksBuildPhase section */

/* Begin PBXGroup section */
		708BF84324CFB0E30004A404 = {
			isa = PBXGroup;
			children = (
				708BF84E24CFB0E30004A404 /* Telekinesis */,
				708BF84D24CFB0E30004A404 /* Products */,
			);
			sourceTree = "<group>";
		};
		708BF84D24CFB0E30004A404 /* Products */ = {
			isa = PBXGroup;
			children = (
				708BF84C24CFB0E30004A404 /* Telekinesis.app */,
			);
			name = Products;
			sourceTree = "<group>";
		};
		708BF84E24CFB0E30004A404 /* Telekinesis */ = {
			isa = PBXGroup;
			children = (
				7096B74224D1050900B2C132 /* Processors */,
				708BF85D24CFB0E40004A404 /* Info.plist */,
				708BF84F24CFB0E30004A404 /* AppDelegate.swift */,
				708BF85124CFB0E30004A404 /* SceneDelegate.swift */,
				708BF85824CFB0E40004A404 /* Assets.xcassets */,
				70B2312624D680F9004760B1 /* Data */,
				70B2312324D6607B004760B1 /* Helpers */,
				708BF85A24CFB0E40004A404 /* LaunchScreen.storyboard */,
				70B2311524D52AB6004760B1 /* Localizable.strings */,
				708BF85524CFB0E30004A404 /* Main.storyboard */,
				7096B75124D10A5F00B2C132 /* Models */,
				7096B75024D10A4500B2C132 /* ViewControllers */,
				7096B75224D10A7C00B2C132 /* Views */,
			);
			path = Telekinesis;
			sourceTree = "<group>";
		};
		7096B75024D10A4500B2C132 /* ViewControllers */ = {
			isa = PBXGroup;
			children = (
				708BF85324CFB0E30004A404 /* EditorViewController.swift */,
				709899F924DF8AAB005F2C44 /* ManagerViewController.swift */,
				70B2311824D53C33004760B1 /* PageViewController.swift */,
				70D9C71924D967EA002A74AD /* ProcessorOptionsViewController.swift */,
				7096B74824D107D100B2C132 /* SettingsViewController.swift */,
			);
			path = ViewControllers;
			sourceTree = "<group>";
		};
		7096B75124D10A5F00B2C132 /* Models */ = {
			isa = PBXGroup;
			children = (
				7096B74E24D109CA00B2C132 /* ProcessorModel.swift */,
				709899F724DE5A3D005F2C44 /* SettingsModel.swift */,
			);
			path = Models;
			sourceTree = "<group>";
		};
		7096B75224D10A7C00B2C132 /* Views */ = {
			isa = PBXGroup;
			children = (
				708BF86324CFDA3C0004A404 /* TextViewWithPlaceholder.swift */,
			);
			path = Views;
			sourceTree = "<group>";
		};
		70B2312324D6607B004760B1 /* Helpers */ = {
			isa = PBXGroup;
			children = (
				70B2312424D660AF004760B1 /* DownHelper.swift */,
				70D9C71724D8F66F002A74AD /* LineReader.swift */,
				709899F524DBF642005F2C44 /* PreferencesManager.swift */,
				702D0DCB24E3919600C86782 /* Errors.swift */,
			);
			path = Helpers;
			sourceTree = "<group>";
		};
		70B2312624D680F9004760B1 /* Data */ = {
			isa = PBXGroup;
			children = (
				70B2312724D68113004760B1 /* SettingsData.swift */,
			);
			path = Data;
			sourceTree = "<group>";
		};
/* End PBXGroup section */

/* Begin PBXNativeTarget section */
		708BF84B24CFB0E30004A404 /* Telekinesis */ = {
			isa = PBXNativeTarget;
			buildConfigurationList = 708BF86024CFB0E40004A404 /* Build configuration list for PBXNativeTarget "Telekinesis" */;
			buildPhases = (
				708BF84824CFB0E30004A404 /* Sources */,
				708BF84924CFB0E30004A404 /* Frameworks */,
				708BF84A24CFB0E30004A404 /* Resources */,
			);
			buildRules = (
			);
			dependencies = (
			);
			name = Telekinesis;
			packageProductDependencies = (
				70B2311E24D65A60004760B1 /* Down */,
			);
			productName = Telekinesis;
			productReference = 708BF84C24CFB0E30004A404 /* Telekinesis.app */;
			productType = "com.apple.product-type.application";
		};
/* End PBXNativeTarget section */

/* Begin PBXProject section */
		708BF84424CFB0E30004A404 /* Project object */ = {
			isa = PBXProject;
			attributes = {
				LastSwiftUpdateCheck = 1160;
				LastUpgradeCheck = 1160;
				ORGANIZATIONNAME = "Michael Camilleri";
				TargetAttributes = {
					708BF84B24CFB0E30004A404 = {
						CreatedOnToolsVersion = 11.6;
					};
				};
			};
			buildConfigurationList = 708BF84724CFB0E30004A404 /* Build configuration list for PBXProject "Telekinesis" */;
			compatibilityVersion = "Xcode 9.3";
			developmentRegion = en;
			hasScannedForEncodings = 0;
			knownRegions = (
				en,
				Base,
			);
			mainGroup = 708BF84324CFB0E30004A404;
			packageReferences = (
				70B2311D24D65A60004760B1 /* XCRemoteSwiftPackageReference "Down" */,
			);
			productRefGroup = 708BF84D24CFB0E30004A404 /* Products */;
			projectDirPath = "";
			projectRoot = "";
			targets = (
				708BF84B24CFB0E30004A404 /* Telekinesis */,
			);
		};
/* End PBXProject section */

/* Begin PBXResourcesBuildPhase section */
		708BF84A24CFB0E30004A404 /* Resources */ = {
			isa = PBXResourcesBuildPhase;
			buildActionMask = 2147483647;
			files = (
				708BF85C24CFB0E40004A404 /* LaunchScreen.storyboard in Resources */,
				7096B74324D1050900B2C132 /* Processors in Resources */,
				708BF85924CFB0E40004A404 /* Assets.xcassets in Resources */,
				708BF85724CFB0E30004A404 /* Main.storyboard in Resources */,
				70B2311324D52AB6004760B1 /* Localizable.strings in Resources */,
			);
			runOnlyForDeploymentPostprocessing = 0;
		};
/* End PBXResourcesBuildPhase section */

/* Begin PBXSourcesBuildPhase section */
		708BF84824CFB0E30004A404 /* Sources */ = {
			isa = PBXSourcesBuildPhase;
			buildActionMask = 2147483647;
			files = (
				709899F624DBF642005F2C44 /* PreferencesManager.swift in Sources */,
				702D0DCC24E3919600C86782 /* Errors.swift in Sources */,
				70D9C71824D8F66F002A74AD /* LineReader.swift in Sources */,
				708BF85424CFB0E30004A404 /* EditorViewController.swift in Sources */,
				70B2311924D53C33004760B1 /* PageViewController.swift in Sources */,
				708BF85024CFB0E30004A404 /* AppDelegate.swift in Sources */,
				70B2312524D660AF004760B1 /* DownHelper.swift in Sources */,
				709899FA24DF8AAB005F2C44 /* ManagerViewController.swift in Sources */,
				7096B74F24D109CA00B2C132 /* ProcessorModel.swift in Sources */,
				70B2312824D68113004760B1 /* SettingsData.swift in Sources */,
				708BF85224CFB0E30004A404 /* SceneDelegate.swift in Sources */,
				70D9C71A24D967EA002A74AD /* ProcessorOptionsViewController.swift in Sources */,
				7096B74924D107D100B2C132 /* SettingsViewController.swift in Sources */,
				708BF86424CFDA3C0004A404 /* TextViewWithPlaceholder.swift in Sources */,
				709899F824DE5A3D005F2C44 /* SettingsModel.swift in Sources */,
			);
			runOnlyForDeploymentPostprocessing = 0;
		};
/* End PBXSourcesBuildPhase section */

/* Begin PBXVariantGroup section */
		708BF85524CFB0E30004A404 /* Main.storyboard */ = {
			isa = PBXVariantGroup;
			children = (
				708BF85624CFB0E30004A404 /* Base */,
			);
			name = Main.storyboard;
			sourceTree = "<group>";
		};
		708BF85A24CFB0E40004A404 /* LaunchScreen.storyboard */ = {
			isa = PBXVariantGroup;
			children = (
				708BF85B24CFB0E40004A404 /* Base */,
			);
			name = LaunchScreen.storyboard;
			sourceTree = "<group>";
		};
		70B2311524D52AB6004760B1 /* Localizable.strings */ = {
			isa = PBXVariantGroup;
			children = (
				70B2311424D52AB6004760B1 /* en */,
			);
			name = Localizable.strings;
			sourceTree = "<group>";
		};
/* End PBXVariantGroup section */

/* Begin XCBuildConfiguration section */
		708BF85E24CFB0E40004A404 /* Debug */ = {
			isa = XCBuildConfiguration;
			buildSettings = {
				ALWAYS_SEARCH_USER_PATHS = NO;
				CLANG_ANALYZER_NONNULL = YES;
				CLANG_ANALYZER_NUMBER_OBJECT_CONVERSION = YES_AGGRESSIVE;
				CLANG_CXX_LANGUAGE_STANDARD = "gnu++14";
				CLANG_CXX_LIBRARY = "libc++";
				CLANG_ENABLE_MODULES = YES;
				CLANG_ENABLE_OBJC_ARC = YES;
				CLANG_ENABLE_OBJC_WEAK = YES;
				CLANG_WARN_BLOCK_CAPTURE_AUTORELEASING = YES;
				CLANG_WARN_BOOL_CONVERSION = YES;
				CLANG_WARN_COMMA = YES;
				CLANG_WARN_CONSTANT_CONVERSION = YES;
				CLANG_WARN_DEPRECATED_OBJC_IMPLEMENTATIONS = YES;
				CLANG_WARN_DIRECT_OBJC_ISA_USAGE = YES_ERROR;
				CLANG_WARN_DOCUMENTATION_COMMENTS = YES;
				CLANG_WARN_EMPTY_BODY = YES;
				CLANG_WARN_ENUM_CONVERSION = YES;
				CLANG_WARN_INFINITE_RECURSION = YES;
				CLANG_WARN_INT_CONVERSION = YES;
				CLANG_WARN_NON_LITERAL_NULL_CONVERSION = YES;
				CLANG_WARN_OBJC_IMPLICIT_RETAIN_SELF = YES;
				CLANG_WARN_OBJC_LITERAL_CONVERSION = YES;
				CLANG_WARN_OBJC_ROOT_CLASS = YES_ERROR;
				CLANG_WARN_RANGE_LOOP_ANALYSIS = YES;
				CLANG_WARN_STRICT_PROTOTYPES = YES;
				CLANG_WARN_SUSPICIOUS_MOVE = YES;
				CLANG_WARN_UNGUARDED_AVAILABILITY = YES_AGGRESSIVE;
				CLANG_WARN_UNREACHABLE_CODE = YES;
				CLANG_WARN__DUPLICATE_METHOD_MATCH = YES;
				COPY_PHASE_STRIP = NO;
				DEBUG_INFORMATION_FORMAT = dwarf;
				ENABLE_STRICT_OBJC_MSGSEND = YES;
				ENABLE_TESTABILITY = YES;
				GCC_C_LANGUAGE_STANDARD = gnu11;
				GCC_DYNAMIC_NO_PIC = NO;
				GCC_NO_COMMON_BLOCKS = YES;
				GCC_OPTIMIZATION_LEVEL = 0;
				GCC_PREPROCESSOR_DEFINITIONS = (
					"DEBUG=1",
					"$(inherited)",
				);
				GCC_WARN_64_TO_32_BIT_CONVERSION = YES;
				GCC_WARN_ABOUT_RETURN_TYPE = YES_ERROR;
				GCC_WARN_UNDECLARED_SELECTOR = YES;
				GCC_WARN_UNINITIALIZED_AUTOS = YES_AGGRESSIVE;
				GCC_WARN_UNUSED_FUNCTION = YES;
				GCC_WARN_UNUSED_VARIABLE = YES;
				IPHONEOS_DEPLOYMENT_TARGET = 13.6;
				MTL_ENABLE_DEBUG_INFO = INCLUDE_SOURCE;
				MTL_FAST_MATH = YES;
				ONLY_ACTIVE_ARCH = YES;
				SDKROOT = iphoneos;
				SWIFT_ACTIVE_COMPILATION_CONDITIONS = DEBUG;
				SWIFT_OPTIMIZATION_LEVEL = "-Onone";
			};
			name = Debug;
		};
		708BF85F24CFB0E40004A404 /* Release */ = {
			isa = XCBuildConfiguration;
			buildSettings = {
				ALWAYS_SEARCH_USER_PATHS = NO;
				CLANG_ANALYZER_NONNULL = YES;
				CLANG_ANALYZER_NUMBER_OBJECT_CONVERSION = YES_AGGRESSIVE;
				CLANG_CXX_LANGUAGE_STANDARD = "gnu++14";
				CLANG_CXX_LIBRARY = "libc++";
				CLANG_ENABLE_MODULES = YES;
				CLANG_ENABLE_OBJC_ARC = YES;
				CLANG_ENABLE_OBJC_WEAK = YES;
				CLANG_WARN_BLOCK_CAPTURE_AUTORELEASING = YES;
				CLANG_WARN_BOOL_CONVERSION = YES;
				CLANG_WARN_COMMA = YES;
				CLANG_WARN_CONSTANT_CONVERSION = YES;
				CLANG_WARN_DEPRECATED_OBJC_IMPLEMENTATIONS = YES;
				CLANG_WARN_DIRECT_OBJC_ISA_USAGE = YES_ERROR;
				CLANG_WARN_DOCUMENTATION_COMMENTS = YES;
				CLANG_WARN_EMPTY_BODY = YES;
				CLANG_WARN_ENUM_CONVERSION = YES;
				CLANG_WARN_INFINITE_RECURSION = YES;
				CLANG_WARN_INT_CONVERSION = YES;
				CLANG_WARN_NON_LITERAL_NULL_CONVERSION = YES;
				CLANG_WARN_OBJC_IMPLICIT_RETAIN_SELF = YES;
				CLANG_WARN_OBJC_LITERAL_CONVERSION = YES;
				CLANG_WARN_OBJC_ROOT_CLASS = YES_ERROR;
				CLANG_WARN_RANGE_LOOP_ANALYSIS = YES;
				CLANG_WARN_STRICT_PROTOTYPES = YES;
				CLANG_WARN_SUSPICIOUS_MOVE = YES;
				CLANG_WARN_UNGUARDED_AVAILABILITY = YES_AGGRESSIVE;
				CLANG_WARN_UNREACHABLE_CODE = YES;
				CLANG_WARN__DUPLICATE_METHOD_MATCH = YES;
				COPY_PHASE_STRIP = NO;
				DEBUG_INFORMATION_FORMAT = "dwarf-with-dsym";
				ENABLE_NS_ASSERTIONS = NO;
				ENABLE_STRICT_OBJC_MSGSEND = YES;
				GCC_C_LANGUAGE_STANDARD = gnu11;
				GCC_NO_COMMON_BLOCKS = YES;
				GCC_WARN_64_TO_32_BIT_CONVERSION = YES;
				GCC_WARN_ABOUT_RETURN_TYPE = YES_ERROR;
				GCC_WARN_UNDECLARED_SELECTOR = YES;
				GCC_WARN_UNINITIALIZED_AUTOS = YES_AGGRESSIVE;
				GCC_WARN_UNUSED_FUNCTION = YES;
				GCC_WARN_UNUSED_VARIABLE = YES;
				IPHONEOS_DEPLOYMENT_TARGET = 13.6;
				MTL_ENABLE_DEBUG_INFO = NO;
				MTL_FAST_MATH = YES;
				SDKROOT = iphoneos;
				SWIFT_COMPILATION_MODE = wholemodule;
				SWIFT_OPTIMIZATION_LEVEL = "-O";
				VALIDATE_PRODUCT = YES;
			};
			name = Release;
		};
		708BF86124CFB0E40004A404 /* Debug */ = {
			isa = XCBuildConfiguration;
			buildSettings = {
				ASSETCATALOG_COMPILER_APPICON_NAME = AppIcon;
				CODE_SIGN_STYLE = Automatic;
				DEVELOPMENT_TEAM = 22393FEDUE;
				INFOPLIST_FILE = Telekinesis/Info.plist;
				LD_RUNPATH_SEARCH_PATHS = (
					"$(inherited)",
					"@executable_path/Frameworks",
				);
				PRODUCT_BUNDLE_IDENTIFIER = net.inqk.Telekinesis;
				PRODUCT_NAME = "$(TARGET_NAME)";
				SWIFT_VERSION = 5.0;
				TARGETED_DEVICE_FAMILY = 1;
			};
			name = Debug;
		};
		708BF86224CFB0E40004A404 /* Release */ = {
			isa = XCBuildConfiguration;
			buildSettings = {
				ASSETCATALOG_COMPILER_APPICON_NAME = AppIcon;
				CODE_SIGN_STYLE = Automatic;
				DEVELOPMENT_TEAM = 22393FEDUE;
				INFOPLIST_FILE = Telekinesis/Info.plist;
				LD_RUNPATH_SEARCH_PATHS = (
					"$(inherited)",
					"@executable_path/Frameworks",
				);
				PRODUCT_BUNDLE_IDENTIFIER = net.inqk.Telekinesis;
				PRODUCT_NAME = "$(TARGET_NAME)";
				SWIFT_VERSION = 5.0;
				TARGETED_DEVICE_FAMILY = 1;
			};
			name = Release;
		};
/* End XCBuildConfiguration section */

/* Begin XCConfigurationList section */
		708BF84724CFB0E30004A404 /* Build configuration list for PBXProject "Telekinesis" */ = {
			isa = XCConfigurationList;
			buildConfigurations = (
				708BF85E24CFB0E40004A404 /* Debug */,
				708BF85F24CFB0E40004A404 /* Release */,
			);
			defaultConfigurationIsVisible = 0;
			defaultConfigurationName = Release;
		};
		708BF86024CFB0E40004A404 /* Build configuration list for PBXNativeTarget "Telekinesis" */ = {
			isa = XCConfigurationList;
			buildConfigurations = (
				708BF86124CFB0E40004A404 /* Debug */,
				708BF86224CFB0E40004A404 /* Release */,
			);
			defaultConfigurationIsVisible = 0;
			defaultConfigurationName = Release;
		};
/* End XCConfigurationList section */

/* Begin XCRemoteSwiftPackageReference section */
		70B2311D24D65A60004760B1 /* XCRemoteSwiftPackageReference "Down" */ = {
			isa = XCRemoteSwiftPackageReference;
			repositoryURL = "https://github.com/iwasrobbed/Down";
			requirement = {
				kind = upToNextMajorVersion;
				minimumVersion = 0.9.3;
			};
		};
/* End XCRemoteSwiftPackageReference section */

/* Begin XCSwiftPackageProductDependency section */
		70B2311E24D65A60004760B1 /* Down */ = {
			isa = XCSwiftPackageProductDependency;
			package = 70B2311D24D65A60004760B1 /* XCRemoteSwiftPackageReference "Down" */;
			productName = Down;
		};
/* End XCSwiftPackageProductDependency section */
	};
	rootObject = 708BF84424CFB0E30004A404 /* Project object */;
}
